// !$*UTF8*$!
{
	archiveVersion = 1;
	classes = {
	};
	objectVersion = 77;
	objects = {

/* Begin PBXBuildFile section */
		74FA05E52E9CD76A00A073F2 /* AppCore in Frameworks */ = {isa = PBXBuildFile; productRef = 74FA05E42E9CD76A00A073F2 /* AppCore */; };
		74FA05FD2E9CDE1A00A073F2 /* HUMAN_TASKS.md in Resources */ = {isa = PBXBuildFile; fileRef = 74FA05FC2E9CDE1A00A073F2 /* HUMAN_TASKS.md */; };
		74FA05FF2E9CDE2200A073F2 /* README.md in Resources */ = {isa = PBXBuildFile; fileRef = 74FA05FE2E9CDE2200A073F2 /* README.md */; };
/* End PBXBuildFile section */

/* Begin PBXContainerItemProxy section */
		74B8247B2E9CD095001D3355 /* PBXContainerItemProxy */ = {
			isa = PBXContainerItemProxy;
			containerPortal = 74B824612E9CD092001D3355 /* Project object */;
			proxyType = 1;
			remoteGlobalIDString = 74B824682E9CD092001D3355;
			remoteInfo = Taspla;
		};
		74B824852E9CD095001D3355 /* PBXContainerItemProxy */ = {
			isa = PBXContainerItemProxy;
			containerPortal = 74B824612E9CD092001D3355 /* Project object */;
			proxyType = 1;
			remoteGlobalIDString = 74B824682E9CD092001D3355;
			remoteInfo = Taspla;
		};
/* End PBXContainerItemProxy section */

/* Begin PBXFileReference section */
		74B824692E9CD092001D3355 /* Taspla.app */ = {isa = PBXFileReference; explicitFileType = wrapper.application; includeInIndex = 0; path = Taspla.app; sourceTree = BUILT_PRODUCTS_DIR; };
		74B8247A2E9CD095001D3355 /* TasplaTests.xctest */ = {isa = PBXFileReference; explicitFileType = wrapper.cfbundle; includeInIndex = 0; path = TasplaTests.xctest; sourceTree = BUILT_PRODUCTS_DIR; };
		74B824842E9CD095001D3355 /* TasplaUITests.xctest */ = {isa = PBXFileReference; explicitFileType = wrapper.cfbundle; includeInIndex = 0; path = TasplaUITests.xctest; sourceTree = BUILT_PRODUCTS_DIR; };
		74FA05FC2E9CDE1A00A073F2 /* HUMAN_TASKS.md */ = {isa = PBXFileReference; lastKnownFileType = net.daringfireball.markdown; path = HUMAN_TASKS.md; sourceTree = "<group>"; };
		74FA05FE2E9CDE2200A073F2 /* README.md */ = {isa = PBXFileReference; lastKnownFileType = net.daringfireball.markdown; path = README.md; sourceTree = "<group>"; };
/* End PBXFileReference section */

/* Begin PBXFileSystemSynchronizedBuildFileExceptionSet section */
		74B8248C2E9CD095001D3355 /* Exceptions for "Taspla" folder in "Taspla" target */ = {
			isa = PBXFileSystemSynchronizedBuildFileExceptionSet;
			membershipExceptions = (
				Info.plist,
			);
			target = 74B824682E9CD092001D3355 /* Taspla */;
		};
/* End PBXFileSystemSynchronizedBuildFileExceptionSet section */

/* Begin PBXFileSystemSynchronizedRootGroup section */
		74B8246B2E9CD092001D3355 /* Taspla */ = {
			isa = PBXFileSystemSynchronizedRootGroup;
			exceptions = (
				74B8248C2E9CD095001D3355 /* Exceptions for "Taspla" folder in "Taspla" target */,
			);
			path = Taspla;
			sourceTree = "<group>";
		};
		74B8247D2E9CD095001D3355 /* TasplaTests */ = {
			isa = PBXFileSystemSynchronizedRootGroup;
			path = TasplaTests;
			sourceTree = "<group>";
		};
		74B824872E9CD095001D3355 /* TasplaUITests */ = {
			isa = PBXFileSystemSynchronizedRootGroup;
			path = TasplaUITests;
			sourceTree = "<group>";
		};
/* End PBXFileSystemSynchronizedRootGroup section */

/* Begin PBXFrameworksBuildPhase section */
		74B824662E9CD092001D3355 /* Frameworks */ = {
			isa = PBXFrameworksBuildPhase;
			buildActionMask = 2147483647;
			files = (
				74FA05E52E9CD76A00A073F2 /* AppCore in Frameworks */,
			);
			runOnlyForDeploymentPostprocessing = 0;
		};
		74B824772E9CD095001D3355 /* Frameworks */ = {
			isa = PBXFrameworksBuildPhase;
			buildActionMask = 2147483647;
			files = (
			);
			runOnlyForDeploymentPostprocessing = 0;
		};
		74B824812E9CD095001D3355 /* Frameworks */ = {
			isa = PBXFrameworksBuildPhase;
			buildActionMask = 2147483647;
			files = (
			);
			runOnlyForDeploymentPostprocessing = 0;
		};
/* End PBXFrameworksBuildPhase section */

/* Begin PBXGroup section */
		74B824602E9CD092001D3355 = {
			isa = PBXGroup;
			children = (
				74FA05FC2E9CDE1A00A073F2 /* HUMAN_TASKS.md */,
				74FA05FE2E9CDE2200A073F2 /* README.md */,
				74B8246B2E9CD092001D3355 /* Taspla */,
				74B8247D2E9CD095001D3355 /* TasplaTests */,
				74B824872E9CD095001D3355 /* TasplaUITests */,
				74B8246A2E9CD092001D3355 /* Products */,
			);
			sourceTree = "<group>";
		};
		74B8246A2E9CD092001D3355 /* Products */ = {
			isa = PBXGroup;
			children = (
				74B824692E9CD092001D3355 /* Taspla.app */,
				74B8247A2E9CD095001D3355 /* TasplaTests.xctest */,
				74B824842E9CD095001D3355 /* TasplaUITests.xctest */,
			);
			name = Products;
			sourceTree = "<group>";
		};
/* End PBXGroup section */

/* Begin PBXNativeTarget section */
		74B824682E9CD092001D3355 /* Taspla */ = {
			isa = PBXNativeTarget;
			buildConfigurationList = 74B8248D2E9CD095001D3355 /* Build configuration list for PBXNativeTarget "Taspla" */;
			buildPhases = (
				74B824652E9CD092001D3355 /* Sources */,
				74B824662E9CD092001D3355 /* Frameworks */,
				74B824672E9CD092001D3355 /* Resources */,
			);
			buildRules = (
			);
			dependencies = (
			);
			fileSystemSynchronizedGroups = (
				74B8246B2E9CD092001D3355 /* Taspla */,
			);
			name = Taspla;
			packageProductDependencies = (
				74FA05E42E9CD76A00A073F2 /* AppCore */,
			);
			productName = Taspla;
			productReference = 74B824692E9CD092001D3355 /* Taspla.app */;
			productType = "com.apple.product-type.application";
		};
		74B824792E9CD095001D3355 /* TasplaTests */ = {
			isa = PBXNativeTarget;
			buildConfigurationList = 74B824922E9CD095001D3355 /* Build configuration list for PBXNativeTarget "TasplaTests" */;
			buildPhases = (
				74B824762E9CD095001D3355 /* Sources */,
				74B824772E9CD095001D3355 /* Frameworks */,
				74B824782E9CD095001D3355 /* Resources */,
			);
			buildRules = (
			);
			dependencies = (
				74B8247C2E9CD095001D3355 /* PBXTargetDependency */,
			);
			fileSystemSynchronizedGroups = (
				74B8247D2E9CD095001D3355 /* TasplaTests */,
			);
			name = TasplaTests;
			packageProductDependencies = (
			);
			productName = TasplaTests;
			productReference = 74B8247A2E9CD095001D3355 /* TasplaTests.xctest */;
			productType = "com.apple.product-type.bundle.unit-test";
		};
		74B824832E9CD095001D3355 /* TasplaUITests */ = {
			isa = PBXNativeTarget;
			buildConfigurationList = 74B824952E9CD095001D3355 /* Build configuration list for PBXNativeTarget "TasplaUITests" */;
			buildPhases = (
				74B824802E9CD095001D3355 /* Sources */,
				74B824812E9CD095001D3355 /* Frameworks */,
				74B824822E9CD095001D3355 /* Resources */,
			);
			buildRules = (
			);
			dependencies = (
				74B824862E9CD095001D3355 /* PBXTargetDependency */,
			);
			fileSystemSynchronizedGroups = (
				74B824872E9CD095001D3355 /* TasplaUITests */,
			);
			name = TasplaUITests;
			packageProductDependencies = (
			);
			productName = TasplaUITests;
			productReference = 74B824842E9CD095001D3355 /* TasplaUITests.xctest */;
			productType = "com.apple.product-type.bundle.ui-testing";
		};
/* End PBXNativeTarget section */

/* Begin PBXProject section */
		74B824612E9CD092001D3355 /* Project object */ = {
			isa = PBXProject;
			attributes = {
				BuildIndependentTargetsInParallel = 1;
				LastSwiftUpdateCheck = 2600;
				LastUpgradeCheck = 2600;
				TargetAttributes = {
					74B824682E9CD092001D3355 = {
						CreatedOnToolsVersion = 26.0.1;
					};
					74B824792E9CD095001D3355 = {
						CreatedOnToolsVersion = 26.0.1;
						TestTargetID = 74B824682E9CD092001D3355;
					};
					74B824832E9CD095001D3355 = {
						CreatedOnToolsVersion = 26.0.1;
						TestTargetID = 74B824682E9CD092001D3355;
					};
				};
			};
			buildConfigurationList = 74B824642E9CD092001D3355 /* Build configuration list for PBXProject "Taspla" */;
			developmentRegion = en;
			hasScannedForEncodings = 0;
			knownRegions = (
				en,
				Base,
			);
			mainGroup = 74B824602E9CD092001D3355;
			minimizedProjectReferenceProxies = 1;
			packageReferences = (
				74FA05E32E9CD76A00A073F2 /* XCLocalSwiftPackageReference "terry-code/packages/AppCore" */,
			);
			preferredProjectObjectVersion = 77;
			productRefGroup = 74B8246A2E9CD092001D3355 /* Products */;
			projectDirPath = "";
			projectRoot = "";
			targets = (
				74B824682E9CD092001D3355 /* Taspla */,
				74B824792E9CD095001D3355 /* TasplaTests */,
				74B824832E9CD095001D3355 /* TasplaUITests */,
			);
		};
/* End PBXProject section */

/* Begin PBXResourcesBuildPhase section */
		74B824672E9CD092001D3355 /* Resources */ = {
			isa = PBXResourcesBuildPhase;
			buildActionMask = 2147483647;
			files = (
				74FA05FF2E9CDE2200A073F2 /* README.md in Resources */,
				74FA05FD2E9CDE1A00A073F2 /* HUMAN_TASKS.md in Resources */,
			);
			runOnlyForDeploymentPostprocessing = 0;
		};
		74B824782E9CD095001D3355 /* Resources */ = {
			isa = PBXResourcesBuildPhase;
			buildActionMask = 2147483647;
			files = (
			);
			runOnlyForDeploymentPostprocessing = 0;
		};
		74B824822E9CD095001D3355 /* Resources */ = {
			isa = PBXResourcesBuildPhase;
			buildActionMask = 2147483647;
			files = (
			);
			runOnlyForDeploymentPostprocessing = 0;
		};
/* End PBXResourcesBuildPhase section */

/* Begin PBXSourcesBuildPhase section */
		74B824652E9CD092001D3355 /* Sources */ = {
			isa = PBXSourcesBuildPhase;
			buildActionMask = 2147483647;
			files = (
			);
			runOnlyForDeploymentPostprocessing = 0;
		};
		74B824762E9CD095001D3355 /* Sources */ = {
			isa = PBXSourcesBuildPhase;
			buildActionMask = 2147483647;
			files = (
			);
			runOnlyForDeploymentPostprocessing = 0;
		};
		74B824802E9CD095001D3355 /* Sources */ = {
			isa = PBXSourcesBuildPhase;
			buildActionMask = 2147483647;
			files = (
			);
			runOnlyForDeploymentPostprocessing = 0;
		};
/* End PBXSourcesBuildPhase section */

/* Begin PBXTargetDependency section */
		74B8247C2E9CD095001D3355 /* PBXTargetDependency */ = {
			isa = PBXTargetDependency;
			target = 74B824682E9CD092001D3355 /* Taspla */;
			targetProxy = 74B8247B2E9CD095001D3355 /* PBXContainerItemProxy */;
		};
		74B824862E9CD095001D3355 /* PBXTargetDependency */ = {
			isa = PBXTargetDependency;
			target = 74B824682E9CD092001D3355 /* Taspla */;
			targetProxy = 74B824852E9CD095001D3355 /* PBXContainerItemProxy */;
		};
/* End PBXTargetDependency section */

/* Begin XCBuildConfiguration section */
		74B8248E2E9CD095001D3355 /* Debug */ = {
			isa = XCBuildConfiguration;
			buildSettings = {
				ASSETCATALOG_COMPILER_APPICON_NAME = AppIcon;
				ASSETCATALOG_COMPILER_GLOBAL_ACCENT_COLOR_NAME = AccentColor;
				CODE_SIGN_ENTITLEMENTS = Taspla/Taspla.entitlements;
				CODE_SIGN_STYLE = Automatic;
				CURRENT_PROJECT_VERSION = 1;
				ENABLE_PREVIEWS = YES;
				GENERATE_INFOPLIST_FILE = YES;
				INFOPLIST_FILE = Taspla/Info.plist;
				INFOPLIST_KEY_UIApplicationSceneManifest_Generation = YES;
				INFOPLIST_KEY_UIApplicationSupportsIndirectInputEvents = YES;
				INFOPLIST_KEY_UILaunchScreen_Generation = YES;
				INFOPLIST_KEY_UISupportedInterfaceOrientations_iPad = "UIInterfaceOrientationPortrait UIInterfaceOrientationPortraitUpsideDown UIInterfaceOrientationLandscapeLeft UIInterfaceOrientationLandscapeRight";
				INFOPLIST_KEY_UISupportedInterfaceOrientations_iPhone = "UIInterfaceOrientationPortrait UIInterfaceOrientationLandscapeLeft UIInterfaceOrientationLandscapeRight";
				LD_RUNPATH_SEARCH_PATHS = (
					"$(inherited)",
					"@executable_path/Frameworks",
				);
				MARKETING_VERSION = 1.0;
				PRODUCT_BUNDLE_IDENTIFIER = com.rationaljoy.Taspla;
				PRODUCT_NAME = "$(TARGET_NAME)";
				STRING_CATALOG_GENERATE_SYMBOLS = YES;
				SWIFT_APPROACHABLE_CONCURRENCY = YES;
				SWIFT_DEFAULT_ACTOR_ISOLATION = MainActor;
				SWIFT_EMIT_LOC_STRINGS = YES;
				SWIFT_UPCOMING_FEATURE_MEMBER_IMPORT_VISIBILITY = YES;
				SWIFT_VERSION = 5.0;
				TARGETED_DEVICE_FAMILY = "1,2";
			};
			name = Debug;
		};
		74B8248F2E9CD095001D3355 /* Release */ = {
			isa = XCBuildConfiguration;
			buildSettings = {
				ASSETCATALOG_COMPILER_APPICON_NAME = AppIcon;
				ASSETCATALOG_COMPILER_GLOBAL_ACCENT_COLOR_NAME = AccentColor;
				CODE_SIGN_ENTITLEMENTS = Taspla/Taspla.entitlements;
				CODE_SIGN_STYLE = Automatic;
				CURRENT_PROJECT_VERSION = 1;
				ENABLE_PREVIEWS = YES;
				GENERATE_INFOPLIST_FILE = YES;
				INFOPLIST_FILE = Taspla/Info.plist;
				INFOPLIST_KEY_UIApplicationSceneManifest_Generation = YES;
				INFOPLIST_KEY_UIApplicationSupportsIndirectInputEvents = YES;
				INFOPLIST_KEY_UILaunchScreen_Generation = YES;
				INFOPLIST_KEY_UISupportedInterfaceOrientations_iPad = "UIInterfaceOrientationPortrait UIInterfaceOrientationPortraitUpsideDown UIInterfaceOrientationLandscapeLeft UIInterfaceOrientationLandscapeRight";
				INFOPLIST_KEY_UISupportedInterfaceOrientations_iPhone = "UIInterfaceOrientationPortrait UIInterfaceOrientationLandscapeLeft UIInterfaceOrientationLandscapeRight";
				LD_RUNPATH_SEARCH_PATHS = (
					"$(inherited)",
					"@executable_path/Frameworks",
				);
				MARKETING_VERSION = 1.0;
				PRODUCT_BUNDLE_IDENTIFIER = com.rationaljoy.Taspla;
				PRODUCT_NAME = "$(TARGET_NAME)";
				STRING_CATALOG_GENERATE_SYMBOLS = YES;
				SWIFT_APPROACHABLE_CONCURRENCY = YES;
				SWIFT_DEFAULT_ACTOR_ISOLATION = MainActor;
				SWIFT_EMIT_LOC_STRINGS = YES;
				SWIFT_UPCOMING_FEATURE_MEMBER_IMPORT_VISIBILITY = YES;
				SWIFT_VERSION = 5.0;
				TARGETED_DEVICE_FAMILY = "1,2";
			};
			name = Release;
		};
		74B824902E9CD095001D3355 /* Debug */ = {
			isa = XCBuildConfiguration;
			buildSettings = {
				ALWAYS_SEARCH_USER_PATHS = NO;
				ASSETCATALOG_COMPILER_GENERATE_SWIFT_ASSET_SYMBOL_EXTENSIONS = YES;
				CLANG_ANALYZER_NONNULL = YES;
				CLANG_ANALYZER_NUMBER_OBJECT_CONVERSION = YES_AGGRESSIVE;
				CLANG_CXX_LANGUAGE_STANDARD = "gnu++20";
				CLANG_ENABLE_MODULES = YES;
				CLANG_ENABLE_OBJC_ARC = YES;
				CLANG_ENABLE_OBJC_WEAK = YES;
				CLANG_WARN_BLOCK_CAPTURE_AUTORELEASING = YES;
				CLANG_WARN_BOOL_CONVERSION = YES;
				CLANG_WARN_COMMA = YES;
				CLANG_WARN_CONSTANT_CONVERSION = YES;
				CLANG_WARN_DEPRECATED_OBJC_IMPLEMENTATIONS = YES;
				CLANG_WARN_DIRECT_OBJC_ISA_USAGE = YES_ERROR;
				CLANG_WARN_DOCUMENTATION_COMMENTS = YES;
				CLANG_WARN_EMPTY_BODY = YES;
				CLANG_WARN_ENUM_CONVERSION = YES;
				CLANG_WARN_INFINITE_RECURSION = YES;
				CLANG_WARN_INT_CONVERSION = YES;
				CLANG_WARN_NON_LITERAL_NULL_CONVERSION = YES;
				CLANG_WARN_OBJC_IMPLICIT_RETAIN_SELF = YES;
				CLANG_WARN_OBJC_LITERAL_CONVERSION = YES;
				CLANG_WARN_OBJC_ROOT_CLASS = YES_ERROR;
				CLANG_WARN_QUOTED_INCLUDE_IN_FRAMEWORK_HEADER = YES;
				CLANG_WARN_RANGE_LOOP_ANALYSIS = YES;
				CLANG_WARN_STRICT_PROTOTYPES = YES;
				CLANG_WARN_SUSPICIOUS_MOVE = YES;
				CLANG_WARN_UNGUARDED_AVAILABILITY = YES_AGGRESSIVE;
				CLANG_WARN_UNREACHABLE_CODE = YES;
				CLANG_WARN__DUPLICATE_METHOD_MATCH = YES;
				COPY_PHASE_STRIP = NO;
				DEBUG_INFORMATION_FORMAT = dwarf;
				ENABLE_STRICT_OBJC_MSGSEND = YES;
				ENABLE_TESTABILITY = YES;
				ENABLE_USER_SCRIPT_SANDBOXING = YES;
				GCC_C_LANGUAGE_STANDARD = gnu17;
				GCC_DYNAMIC_NO_PIC = NO;
				GCC_NO_COMMON_BLOCKS = YES;
				GCC_OPTIMIZATION_LEVEL = 0;
				GCC_PREPROCESSOR_DEFINITIONS = (
					"DEBUG=1",
					"$(inherited)",
				);
				GCC_WARN_64_TO_32_BIT_CONVERSION = YES;
				GCC_WARN_ABOUT_RETURN_TYPE = YES_ERROR;
				GCC_WARN_UNDECLARED_SELECTOR = YES;
				GCC_WARN_UNINITIALIZED_AUTOS = YES_AGGRESSIVE;
				GCC_WARN_UNUSED_FUNCTION = YES;
				GCC_WARN_UNUSED_VARIABLE = YES;
				IPHONEOS_DEPLOYMENT_TARGET = 18.6;
				LOCALIZATION_PREFERS_STRING_CATALOGS = YES;
				MTL_ENABLE_DEBUG_INFO = INCLUDE_SOURCE;
				MTL_FAST_MATH = YES;
				ONLY_ACTIVE_ARCH = YES;
				SDKROOT = iphoneos;
				SWIFT_ACTIVE_COMPILATION_CONDITIONS = "DEBUG $(inherited)";
				SWIFT_OPTIMIZATION_LEVEL = "-Onone";
			};
			name = Debug;
		};
		74B824912E9CD095001D3355 /* Release */ = {
			isa = XCBuildConfiguration;
			buildSettings = {
				ALWAYS_SEARCH_USER_PATHS = NO;
				ASSETCATALOG_COMPILER_GENERATE_SWIFT_ASSET_SYMBOL_EXTENSIONS = YES;
				CLANG_ANALYZER_NONNULL = YES;
				CLANG_ANALYZER_NUMBER_OBJECT_CONVERSION = YES_AGGRESSIVE;
				CLANG_CXX_LANGUAGE_STANDARD = "gnu++20";
				CLANG_ENABLE_MODULES = YES;
				CLANG_ENABLE_OBJC_ARC = YES;
				CLANG_ENABLE_OBJC_WEAK = YES;
				CLANG_WARN_BLOCK_CAPTURE_AUTORELEASING = YES;
				CLANG_WARN_BOOL_CONVERSION = YES;
				CLANG_WARN_COMMA = YES;
				CLANG_WARN_CONSTANT_CONVERSION = YES;
				CLANG_WARN_DEPRECATED_OBJC_IMPLEMENTATIONS = YES;
				CLANG_WARN_DIRECT_OBJC_ISA_USAGE = YES_ERROR;
				CLANG_WARN_DOCUMENTATION_COMMENTS = YES;
				CLANG_WARN_EMPTY_BODY = YES;
				CLANG_WARN_ENUM_CONVERSION = YES;
				CLANG_WARN_INFINITE_RECURSION = YES;
				CLANG_WARN_INT_CONVERSION = YES;
				CLANG_WARN_NON_LITERAL_NULL_CONVERSION = YES;
				CLANG_WARN_OBJC_IMPLICIT_RETAIN_SELF = YES;
				CLANG_WARN_OBJC_LITERAL_CONVERSION = YES;
				CLANG_WARN_OBJC_ROOT_CLASS = YES_ERROR;
				CLANG_WARN_QUOTED_INCLUDE_IN_FRAMEWORK_HEADER = YES;
				CLANG_WARN_RANGE_LOOP_ANALYSIS = YES;
				CLANG_WARN_STRICT_PROTOTYPES = YES;
				CLANG_WARN_SUSPICIOUS_MOVE = YES;
				CLANG_WARN_UNGUARDED_AVAILABILITY = YES_AGGRESSIVE;
				CLANG_WARN_UNREACHABLE_CODE = YES;
				CLANG_WARN__DUPLICATE_METHOD_MATCH = YES;
				COPY_PHASE_STRIP = NO;
				DEBUG_INFORMATION_FORMAT = "dwarf-with-dsym";
				ENABLE_NS_ASSERTIONS = NO;
				ENABLE_STRICT_OBJC_MSGSEND = YES;
				ENABLE_USER_SCRIPT_SANDBOXING = YES;
				GCC_C_LANGUAGE_STANDARD = gnu17;
				GCC_NO_COMMON_BLOCKS = YES;
				GCC_WARN_64_TO_32_BIT_CONVERSION = YES;
				GCC_WARN_ABOUT_RETURN_TYPE = YES_ERROR;
				GCC_WARN_UNDECLARED_SELECTOR = YES;
				GCC_WARN_UNINITIALIZED_AUTOS = YES_AGGRESSIVE;
				GCC_WARN_UNUSED_FUNCTION = YES;
				GCC_WARN_UNUSED_VARIABLE = YES;
				IPHONEOS_DEPLOYMENT_TARGET = 18.6;
				LOCALIZATION_PREFERS_STRING_CATALOGS = YES;
				MTL_ENABLE_DEBUG_INFO = NO;
				MTL_FAST_MATH = YES;
				SDKROOT = iphoneos;
				SWIFT_COMPILATION_MODE = wholemodule;
				VALIDATE_PRODUCT = YES;
			};
			name = Release;
		};
		74B824932E9CD095001D3355 /* Debug */ = {
			isa = XCBuildConfiguration;
			buildSettings = {
				BUNDLE_LOADER = "$(TEST_HOST)";
				CODE_SIGN_STYLE = Automatic;
				CURRENT_PROJECT_VERSION = 1;
				GENERATE_INFOPLIST_FILE = YES;
				IPHONEOS_DEPLOYMENT_TARGET = 18.6;
				MARKETING_VERSION = 1.0;
				PRODUCT_BUNDLE_IDENTIFIER = com.rationaljoy.TasplaTests;
				PRODUCT_NAME = "$(TARGET_NAME)";
				STRING_CATALOG_GENERATE_SYMBOLS = NO;
				SWIFT_APPROACHABLE_CONCURRENCY = YES;
				SWIFT_EMIT_LOC_STRINGS = NO;
				SWIFT_UPCOMING_FEATURE_MEMBER_IMPORT_VISIBILITY = YES;
				SWIFT_VERSION = 5.0;
				TARGETED_DEVICE_FAMILY = "1,2";
				TEST_HOST = "$(BUILT_PRODUCTS_DIR)/Taspla.app/$(BUNDLE_EXECUTABLE_FOLDER_PATH)/Taspla";
			};
			name = Debug;
		};
		74B824942E9CD095001D3355 /* Release */ = {
			isa = XCBuildConfiguration;
			buildSettings = {
				BUNDLE_LOADER = "$(TEST_HOST)";
				CODE_SIGN_STYLE = Automatic;
				CURRENT_PROJECT_VERSION = 1;
				GENERATE_INFOPLIST_FILE = YES;
				IPHONEOS_DEPLOYMENT_TARGET = 26.0;
				MARKETING_VERSION = 1.0;
				PRODUCT_BUNDLE_IDENTIFIER = com.rationaljoy.TasplaTests;
				PRODUCT_NAME = "$(TARGET_NAME)";
				STRING_CATALOG_GENERATE_SYMBOLS = NO;
				SWIFT_APPROACHABLE_CONCURRENCY = YES;
				SWIFT_EMIT_LOC_STRINGS = NO;
				SWIFT_UPCOMING_FEATURE_MEMBER_IMPORT_VISIBILITY = YES;
				SWIFT_VERSION = 5.0;
				TARGETED_DEVICE_FAMILY = "1,2";
				TEST_HOST = "$(BUILT_PRODUCTS_DIR)/Taspla.app/$(BUNDLE_EXECUTABLE_FOLDER_PATH)/Taspla";
			};
			name = Release;
		};
		74B824962E9CD095001D3355 /* Debug */ = {
			isa = XCBuildConfiguration;
			buildSettings = {
				CODE_SIGN_STYLE = Automatic;
				CURRENT_PROJECT_VERSION = 1;
				GENERATE_INFOPLIST_FILE = YES;
				MARKETING_VERSION = 1.0;
				PRODUCT_BUNDLE_IDENTIFIER = com.rationaljoy.TasplaUITests;
				PRODUCT_NAME = "$(TARGET_NAME)";
				STRING_CATALOG_GENERATE_SYMBOLS = NO;
				SWIFT_APPROACHABLE_CONCURRENCY = YES;
				SWIFT_EMIT_LOC_STRINGS = NO;
				SWIFT_UPCOMING_FEATURE_MEMBER_IMPORT_VISIBILITY = YES;
				SWIFT_VERSION = 5.0;
				TARGETED_DEVICE_FAMILY = "1,2";
				TEST_TARGET_NAME = Taspla;
			};
			name = Debug;
		};
		74B824972E9CD095001D3355 /* Release */ = {
			isa = XCBuildConfiguration;
			buildSettings = {
				CODE_SIGN_STYLE = Automatic;
				CURRENT_PROJECT_VERSION = 1;
				GENERATE_INFOPLIST_FILE = YES;
				MARKETING_VERSION = 1.0;
				PRODUCT_BUNDLE_IDENTIFIER = com.rationaljoy.TasplaUITests;
				PRODUCT_NAME = "$(TARGET_NAME)";
				STRING_CATALOG_GENERATE_SYMBOLS = NO;
				SWIFT_APPROACHABLE_CONCURRENCY = YES;
				SWIFT_EMIT_LOC_STRINGS = NO;
				SWIFT_UPCOMING_FEATURE_MEMBER_IMPORT_VISIBILITY = YES;
				SWIFT_VERSION = 5.0;
				TARGETED_DEVICE_FAMILY = "1,2";
				TEST_TARGET_NAME = Taspla;
			};
			name = Release;
		};
/* End XCBuildConfiguration section */

/* Begin XCConfigurationList section */
		74B824642E9CD092001D3355 /* Build configuration list for PBXProject "Taspla" */ = {
			isa = XCConfigurationList;
			buildConfigurations = (
				74B824902E9CD095001D3355 /* Debug */,
				74B824912E9CD095001D3355 /* Release */,
			);
			defaultConfigurationIsVisible = 0;
			defaultConfigurationName = Release;
		};
		74B8248D2E9CD095001D3355 /* Build configuration list for PBXNativeTarget "Taspla" */ = {
			isa = XCConfigurationList;
			buildConfigurations = (
				74B8248E2E9CD095001D3355 /* Debug */,
				74B8248F2E9CD095001D3355 /* Release */,
			);
			defaultConfigurationIsVisible = 0;
			defaultConfigurationName = Release;
		};
		74B824922E9CD095001D3355 /* Build configuration list for PBXNativeTarget "TasplaTests" */ = {
			isa = XCConfigurationList;
			buildConfigurations = (
				74B824932E9CD095001D3355 /* Debug */,
				74B824942E9CD095001D3355 /* Release */,
			);
			defaultConfigurationIsVisible = 0;
			defaultConfigurationName = Release;
		};
		74B824952E9CD095001D3355 /* Build configuration list for PBXNativeTarget "TasplaUITests" */ = {
			isa = XCConfigurationList;
			buildConfigurations = (
				74B824962E9CD095001D3355 /* Debug */,
				74B824972E9CD095001D3355 /* Release */,
			);
			defaultConfigurationIsVisible = 0;
			defaultConfigurationName = Release;
		};
/* End XCConfigurationList section */

/* Begin XCLocalSwiftPackageReference section */
		74FA05E32E9CD76A00A073F2 /* XCLocalSwiftPackageReference "terry-code/packages/AppCore" */ = {
			isa = XCLocalSwiftPackageReference;
			relativePath = "terry-code/packages/AppCore";
		};
/* End XCLocalSwiftPackageReference section */

/* Begin XCSwiftPackageProductDependency section */
		74FA05E42E9CD76A00A073F2 /* AppCore */ = {
			isa = XCSwiftPackageProductDependency;
			productName = AppCore;
		};
/* End XCSwiftPackageProductDependency section */
	};
	rootObject = 74B824612E9CD092001D3355 /* Project object */;
}
